
Microsoft Visual Studio Solution File, Format Version 12.00
# Visual Studio Version 17
VisualStudioVersion = 17.3.32825.248
MinimumVisualStudioVersion = 10.0.40219.1
Project("{FAE04EC0-301F-11D3-BF4B-00C04F79EFBC}") = "WPF_LoginForm", "WPF_LoginForm\WPF_LoginForm.csproj", "{5F5ED2BB-CB96-419D-975C-D11B44F04A3B}"
EndProject
Global
	GlobalSection(SolutionConfigurationPlatforms) = preSolution
		Debug|Any CPU = Debug|Any CPU
		Release|Any CPU = Release|Any CPU
	EndGlobalSection
	GlobalSection(ProjectConfigurationPlatforms) = postSolution
		{5F5ED2BB-CB96-419D-975C-D11B44F04A3B}.Debug|Any CPU.ActiveCfg = Debug|Any CPU
		{5F5ED2BB-CB96-419D-975C-D11B44F04A3B}.Debug|Any CPU.Build.0 = Debug|Any CPU
		{5F5ED2BB-CB96-419D-975C-D11B44F04A3B}.Release|Any CPU.ActiveCfg = Release|Any CPU
		{5F5ED2BB-CB96-419D-975C-D11B44F04A3B}.Release|Any CPU.Build.0 = Release|Any CPU
	EndGlobalSection
	GlobalSection(SolutionProperties) = preSolution
		HideSolutionNode = FALSE
	EndGlobalSection
	GlobalSection(ExtensibilityGlobals) = postSolution
		SolutionGuid = {1E5A7A53-8B66-4236-9775-9E1BD9B284C4}
	EndGlobalSection
EndGlobal
